
Microsoft Visual Studio Solution File, Format Version 12.00
# Visual Studio 15
VisualStudioVersion = 15.0.28010.2046
MinimumVisualStudioVersion = 10.0.40219.1
Project("{8BC9CEB8-8B4A-11D0-8D11-00A0C91BC942}") = "example12.3", "example12.3\example12.3.vcxproj", "{303F4F69-47B2-4FB6-83B2-F66325806CEA}"
EndProject
Global
	GlobalSection(SolutionConfigurationPlatforms) = preSolution
		Debug|x64 = Debug|x64
		Debug|x86 = Debug|x86
		Release|x64 = Release|x64
		Release|x86 = Release|x86
	EndGlobalSection
	GlobalSection(ProjectConfigurationPlatforms) = postSolution
		{303F4F69-47B2-4FB6-83B2-F66325806CEA}.Debug|x64.ActiveCfg = Debug|x64
		{303F4F69-47B2-4FB6-83B2-F66325806CEA}.Debug|x64.Build.0 = Debug|x64
		{303F4F69-47B2-4FB6-83B2-F66325806CEA}.Debug|x86.ActiveCfg = Debug|Win32
		{303F4F69-47B2-4FB6-83B2-F66325806CEA}.Debug|x86.Build.0 = Debug|Win32
		{303F4F69-47B2-4FB6-83B2-F66325806CEA}.Release|x64.ActiveCfg = Release|x64
		{303F4F69-47B2-4FB6-83B2-F66325806CEA}.Release|x64.Build.0 = Release|x64
		{303F4F69-47B2-4FB6-83B2-F66325806CEA}.Release|x86.ActiveCfg = Release|Win32
		{303F4F69-47B2-4FB6-83B2-F66325806CEA}.Release|x86.Build.0 = Release|Win32
	EndGlobalSection
	GlobalSection(SolutionProperties) = preSolution
		HideSolutionNode = FALSE
	EndGlobalSection
	GlobalSection(ExtensibilityGlobals) = postSolution
		SolutionGuid = {A7B13288-F5E8-4FC1-A928-3C05CEF44D1D}
	EndGlobalSection
EndGlobal
